
Microsoft Visual Studio Solution File, Format Version 12.00
# Visual Studio Version 16
VisualStudioVersion = 16.0.29215.179
MinimumVisualStudioVersion = 10.0.40219.1
Project("{FAE04EC0-301F-11D3-BF4B-00C04F79EFBC}") = "BowlingAccountingAssistant", "BowlingAccountingAssistant\BowlingAccountingAssistant.csproj", "{C238CC73-1344-40AB-A214-0016B1F337A9}"
EndProject
Project("{FAE04EC0-301F-11D3-BF4B-00C04F79EFBC}") = "LeagueManager", "LeagueManager\LeagueManager.csproj", "{9B97154F-34FE-45AE-B89B-CD5BE2957120}"
EndProject
Project("{FAE04EC0-301F-11D3-BF4B-00C04F79EFBC}") = "LeagueManagerTests", "LeagueManagerTests\LeagueManagerTests.csproj", "{A333E2E6-11CF-4860-8A9B-B2F6B0006675}"
EndProject
Project("{FAE04EC0-301F-11D3-BF4B-00C04F79EFBC}") = "BL_Logger", "BL_Logger\BL_Logger.csproj", "{94AC49E7-04A8-40FA-AE3A-7FD71E5C9A08}"
EndProject
Project("{54435603-DBB4-11D2-8724-00A0C9A8B90C}") = "Setup", "Setup\Setup.vdproj", "{0AD1342C-7001-4DE1-B6A3-152B613E6DC7}"
EndProject
Project("{2150E333-8FDC-42A3-9474-1A3956D46DE8}") = "Solution Items", "Solution Items", "{0822F38B-FEC4-4A1D-BCB4-9F4B7D2E9C8F}"
	ProjectSection(SolutionItems) = preProject
		bowlingBall.ico = bowlingBall.ico
	EndProjectSection
EndProject
Global
	GlobalSection(SolutionConfigurationPlatforms) = preSolution
		Debug|Any CPU = Debug|Any CPU
		Release|Any CPU = Release|Any CPU
	EndGlobalSection
	GlobalSection(ProjectConfigurationPlatforms) = postSolution
		{C238CC73-1344-40AB-A214-0016B1F337A9}.Debug|Any CPU.ActiveCfg = Debug|Any CPU
		{C238CC73-1344-40AB-A214-0016B1F337A9}.Debug|Any CPU.Build.0 = Debug|Any CPU
		{C238CC73-1344-40AB-A214-0016B1F337A9}.Release|Any CPU.ActiveCfg = Release|Any CPU
		{C238CC73-1344-40AB-A214-0016B1F337A9}.Release|Any CPU.Build.0 = Release|Any CPU
		{9B97154F-34FE-45AE-B89B-CD5BE2957120}.Debug|Any CPU.ActiveCfg = Debug|Any CPU
		{9B97154F-34FE-45AE-B89B-CD5BE2957120}.Debug|Any CPU.Build.0 = Debug|Any CPU
		{9B97154F-34FE-45AE-B89B-CD5BE2957120}.Release|Any CPU.ActiveCfg = Release|Any CPU
		{9B97154F-34FE-45AE-B89B-CD5BE2957120}.Release|Any CPU.Build.0 = Release|Any CPU
		{A333E2E6-11CF-4860-8A9B-B2F6B0006675}.Debug|Any CPU.ActiveCfg = Debug|Any CPU
		{A333E2E6-11CF-4860-8A9B-B2F6B0006675}.Debug|Any CPU.Build.0 = Debug|Any CPU
		{A333E2E6-11CF-4860-8A9B-B2F6B0006675}.Release|Any CPU.ActiveCfg = Release|Any CPU
		{A333E2E6-11CF-4860-8A9B-B2F6B0006675}.Release|Any CPU.Build.0 = Release|Any CPU
		{94AC49E7-04A8-40FA-AE3A-7FD71E5C9A08}.Debug|Any CPU.ActiveCfg = Debug|Any CPU
		{94AC49E7-04A8-40FA-AE3A-7FD71E5C9A08}.Debug|Any CPU.Build.0 = Debug|Any CPU
		{94AC49E7-04A8-40FA-AE3A-7FD71E5C9A08}.Release|Any CPU.ActiveCfg = Release|Any CPU
		{94AC49E7-04A8-40FA-AE3A-7FD71E5C9A08}.Release|Any CPU.Build.0 = Release|Any CPU
		{0AD1342C-7001-4DE1-B6A3-152B613E6DC7}.Debug|Any CPU.ActiveCfg = Debug
		{0AD1342C-7001-4DE1-B6A3-152B613E6DC7}.Release|Any CPU.ActiveCfg = Release
	EndGlobalSection
	GlobalSection(SolutionProperties) = preSolution
		HideSolutionNode = FALSE
	EndGlobalSection
	GlobalSection(ExtensibilityGlobals) = postSolution
		SolutionGuid = {5AC11811-2ABD-455E-8AAD-8DC663A91857}
	EndGlobalSection
EndGlobal
